# THIS IS AN AUTOGENERATED FILE. DO NOT EDIT THIS FILE DIRECTLY.
# yarn lockfile v1


chrome-types@^0.1.281:
  version "0.1.281"
  resolved "https://registry.yarnpkg.com/chrome-types/-/chrome-types-0.1.281.tgz#99224f8169f81934c467a805f34128a388928265"
  integrity sha512-2zUyPie4V32IHz0EoZT8/fPbTaiIqjkFVrt1kzMgKgdS6iTHuaBYvdVjltBbadVJcGCVKEZi7lv8UwYMBHXRYg==

typescript@^5.4.5:
  version "5.4.5"
  resolved "https://registry.yarnpkg.com/typescript/-/typescript-5.4.5.tgz#42ccef2c571fdbd0f6718b1d1f5e6e5ef006f611"
  integrity sha512-vcI4UpRgg81oIRUFwR0WSIHKt11nJ7SAVlYNIu+QpqeyXP+gpQJy/Z4+F0aGxSE4MqwjyXvW/TzgkLAx2AGHwQ==
